
Microsoft Visual Studio Solution File, Format Version 12.00
# Visual Studio Version 16
VisualStudioVersion = 16.0.31424.327
MinimumVisualStudioVersion = 10.0.40219.1
Project("{9A19103F-16F7-4668-BE54-9A1E7A4F7556}") = "LoseCoupledMonolithic.Server", "LoseCoupledMonolithic.Server\LoseCoupledMonolithic.Server.csproj", "{DA9ECB04-914C-4948-BCF6-93535913913E}"
EndProject
Project("{9A19103F-16F7-4668-BE54-9A1E7A4F7556}") = "LoseCoupledMonolithic.OrderService", "LoseCoupledMonolithic.OrderService\LoseCoupledMonolithic.OrderService.csproj", "{D4DFCD8F-3FE8-479B-A994-9D9300F50A01}"
EndProject
Project("{9A19103F-16F7-4668-BE54-9A1E7A4F7556}") = "LoseCoupledMonolithic.PaymentService", "LoseCoupledMonolithic.PaymentService\LoseCoupledMonolithic.PaymentService.csproj", "{FC1E586E-8F57-4009-8EEA-AF50C9636FC7}"
EndProject
Project("{E53339B2-1760-4266-BCC7-CA923CBCF16C}") = "docker-compose", "docker-compose.dcproj", "{AE779F9F-7B27-4DFA-BC7A-DD00C4ADE5A2}"
EndProject
Project("{2150E333-8FDC-42A3-9474-1A3956D46DE8}") = "OderService", "OderService", "{FE5FE112-33BC-424D-BF07-6678805AD628}"
EndProject
Project("{2150E333-8FDC-42A3-9474-1A3956D46DE8}") = "PaymentService", "PaymentService", "{AEBB3F48-927D-45D2-869E-AF50A2297A26}"
EndProject
Project("{FAE04EC0-301F-11D3-BF4B-00C04F79EFBC}") = "OrderService.Contract", "OrderService.Contract\OrderService.Contract.csproj", "{1D9FA316-CB03-46C0-AC13-3FE7DDBCBE45}"
EndProject
Global
	GlobalSection(SolutionConfigurationPlatforms) = preSolution
		Debug|Any CPU = Debug|Any CPU
		Release|Any CPU = Release|Any CPU
	EndGlobalSection
	GlobalSection(ProjectConfigurationPlatforms) = postSolution
		{DA9ECB04-914C-4948-BCF6-93535913913E}.Debug|Any CPU.ActiveCfg = Debug|Any CPU
		{DA9ECB04-914C-4948-BCF6-93535913913E}.Debug|Any CPU.Build.0 = Debug|Any CPU
		{DA9ECB04-914C-4948-BCF6-93535913913E}.Release|Any CPU.ActiveCfg = Release|Any CPU
		{DA9ECB04-914C-4948-BCF6-93535913913E}.Release|Any CPU.Build.0 = Release|Any CPU
		{D4DFCD8F-3FE8-479B-A994-9D9300F50A01}.Debug|Any CPU.ActiveCfg = Debug|Any CPU
		{D4DFCD8F-3FE8-479B-A994-9D9300F50A01}.Debug|Any CPU.Build.0 = Debug|Any CPU
		{D4DFCD8F-3FE8-479B-A994-9D9300F50A01}.Release|Any CPU.ActiveCfg = Release|Any CPU
		{D4DFCD8F-3FE8-479B-A994-9D9300F50A01}.Release|Any CPU.Build.0 = Release|Any CPU
		{FC1E586E-8F57-4009-8EEA-AF50C9636FC7}.Debug|Any CPU.ActiveCfg = Debug|Any CPU
		{FC1E586E-8F57-4009-8EEA-AF50C9636FC7}.Debug|Any CPU.Build.0 = Debug|Any CPU
		{FC1E586E-8F57-4009-8EEA-AF50C9636FC7}.Release|Any CPU.ActiveCfg = Release|Any CPU
		{FC1E586E-8F57-4009-8EEA-AF50C9636FC7}.Release|Any CPU.Build.0 = Release|Any CPU
		{AE779F9F-7B27-4DFA-BC7A-DD00C4ADE5A2}.Debug|Any CPU.ActiveCfg = Debug|Any CPU
		{AE779F9F-7B27-4DFA-BC7A-DD00C4ADE5A2}.Debug|Any CPU.Build.0 = Debug|Any CPU
		{AE779F9F-7B27-4DFA-BC7A-DD00C4ADE5A2}.Release|Any CPU.ActiveCfg = Release|Any CPU
		{AE779F9F-7B27-4DFA-BC7A-DD00C4ADE5A2}.Release|Any CPU.Build.0 = Release|Any CPU
		{1D9FA316-CB03-46C0-AC13-3FE7DDBCBE45}.Debug|Any CPU.ActiveCfg = Debug|Any CPU
		{1D9FA316-CB03-46C0-AC13-3FE7DDBCBE45}.Debug|Any CPU.Build.0 = Debug|Any CPU
		{1D9FA316-CB03-46C0-AC13-3FE7DDBCBE45}.Release|Any CPU.ActiveCfg = Release|Any CPU
		{1D9FA316-CB03-46C0-AC13-3FE7DDBCBE45}.Release|Any CPU.Build.0 = Release|Any CPU
	EndGlobalSection
	GlobalSection(SolutionProperties) = preSolution
		HideSolutionNode = FALSE
	EndGlobalSection
	GlobalSection(NestedProjects) = preSolution
		{D4DFCD8F-3FE8-479B-A994-9D9300F50A01} = {FE5FE112-33BC-424D-BF07-6678805AD628}
		{FC1E586E-8F57-4009-8EEA-AF50C9636FC7} = {AEBB3F48-927D-45D2-869E-AF50A2297A26}
		{1D9FA316-CB03-46C0-AC13-3FE7DDBCBE45} = {FE5FE112-33BC-424D-BF07-6678805AD628}
	EndGlobalSection
	GlobalSection(ExtensibilityGlobals) = postSolution
		SolutionGuid = {8237B667-58F6-4378-AC70-037B0B7D05DC}
	EndGlobalSection
EndGlobal
